
Microsoft Visual Studio Solution File, Format Version 12.00
# Visual Studio 15
VisualStudioVersion = 15.0.28307.1209
MinimumVisualStudioVersion = 10.0.40219.1
Project("{FAE04EC0-301F-11D3-BF4B-00C04F79EFBC}") = "InsuraTech", "InsuraTech\InsuraTech.csproj", "{FFF66B56-3F1F-4965-9F29-F93B33A2756B}"
EndProject
Project("{FAE04EC0-301F-11D3-BF4B-00C04F79EFBC}") = "InsuraTech.DATA.EF", "InsuraTech.DATA.EF\InsuraTech.DATA.EF.csproj", "{C7C73EC5-6F4B-45E0-8C00-327E0E56AAF9}"
EndProject
Global
	GlobalSection(SolutionConfigurationPlatforms) = preSolution
		Debug|Any CPU = Debug|Any CPU
		Release|Any CPU = Release|Any CPU
	EndGlobalSection
	GlobalSection(ProjectConfigurationPlatforms) = postSolution
		{FFF66B56-3F1F-4965-9F29-F93B33A2756B}.Debug|Any CPU.ActiveCfg = Debug|Any CPU
		{FFF66B56-3F1F-4965-9F29-F93B33A2756B}.Debug|Any CPU.Build.0 = Debug|Any CPU
		{FFF66B56-3F1F-4965-9F29-F93B33A2756B}.Release|Any CPU.ActiveCfg = Release|Any CPU
		{FFF66B56-3F1F-4965-9F29-F93B33A2756B}.Release|Any CPU.Build.0 = Release|Any CPU
		{C7C73EC5-6F4B-45E0-8C00-327E0E56AAF9}.Debug|Any CPU.ActiveCfg = Debug|Any CPU
		{C7C73EC5-6F4B-45E0-8C00-327E0E56AAF9}.Debug|Any CPU.Build.0 = Debug|Any CPU
		{C7C73EC5-6F4B-45E0-8C00-327E0E56AAF9}.Release|Any CPU.ActiveCfg = Release|Any CPU
		{C7C73EC5-6F4B-45E0-8C00-327E0E56AAF9}.Release|Any CPU.Build.0 = Release|Any CPU
	EndGlobalSection
	GlobalSection(SolutionProperties) = preSolution
		HideSolutionNode = FALSE
	EndGlobalSection
	GlobalSection(ExtensibilityGlobals) = postSolution
		SolutionGuid = {A9ED5B8C-B620-485B-9D59-F69198D2F027}
	EndGlobalSection
EndGlobal
